
Microsoft Visual Studio Solution File, Format Version 12.00
# Visual Studio Version 16
VisualStudioVersion = 16.0.32630.194
MinimumVisualStudioVersion = 10.0.40219.1
Project("{FAE04EC0-301F-11D3-BF4B-00C04F79EFBC}") = "Assg4.1", "Assg4.1\Assg4.1.csproj", "{4A216ACE-B64D-4C1F-A7B2-03F008208267}"
EndProject
Global
	GlobalSection(SolutionConfigurationPlatforms) = preSolution
		Debug|Any CPU = Debug|Any CPU
		Release|Any CPU = Release|Any CPU
	EndGlobalSection
	GlobalSection(ProjectConfigurationPlatforms) = postSolution
		{4A216ACE-B64D-4C1F-A7B2-03F008208267}.Debug|Any CPU.ActiveCfg = Debug|Any CPU
		{4A216ACE-B64D-4C1F-A7B2-03F008208267}.Debug|Any CPU.Build.0 = Debug|Any CPU
		{4A216ACE-B64D-4C1F-A7B2-03F008208267}.Release|Any CPU.ActiveCfg = Release|Any CPU
		{4A216ACE-B64D-4C1F-A7B2-03F008208267}.Release|Any CPU.Build.0 = Release|Any CPU
	EndGlobalSection
	GlobalSection(SolutionProperties) = preSolution
		HideSolutionNode = FALSE
	EndGlobalSection
	GlobalSection(ExtensibilityGlobals) = postSolution
		SolutionGuid = {AC9C4106-E9D5-4477-94D8-989844A5C41E}
	EndGlobalSection
EndGlobal
