
Microsoft Visual Studio Solution File, Format Version 12.00
# Visual Studio Version 16
VisualStudioVersion = 16.0.32630.194
MinimumVisualStudioVersion = 10.0.40219.1
Project("{FAE04EC0-301F-11D3-BF4B-00C04F79EFBC}") = "Assg1.4", "Assg1.4\Assg1.4.csproj", "{5EB85AF4-2FEA-47CC-AA4C-7CC8BBF54993}"
EndProject
Global
	GlobalSection(SolutionConfigurationPlatforms) = preSolution
		Debug|Any CPU = Debug|Any CPU
		Release|Any CPU = Release|Any CPU
	EndGlobalSection
	GlobalSection(ProjectConfigurationPlatforms) = postSolution
		{5EB85AF4-2FEA-47CC-AA4C-7CC8BBF54993}.Debug|Any CPU.ActiveCfg = Debug|Any CPU
		{5EB85AF4-2FEA-47CC-AA4C-7CC8BBF54993}.Debug|Any CPU.Build.0 = Debug|Any CPU
		{5EB85AF4-2FEA-47CC-AA4C-7CC8BBF54993}.Release|Any CPU.ActiveCfg = Release|Any CPU
		{5EB85AF4-2FEA-47CC-AA4C-7CC8BBF54993}.Release|Any CPU.Build.0 = Release|Any CPU
	EndGlobalSection
	GlobalSection(SolutionProperties) = preSolution
		HideSolutionNode = FALSE
	EndGlobalSection
	GlobalSection(ExtensibilityGlobals) = postSolution
		SolutionGuid = {FC3FFFF7-44FA-4F48-907B-2641294B8EB6}
	EndGlobalSection
EndGlobal
