
Microsoft Visual Studio Solution File, Format Version 12.00
# Visual Studio Version 16
VisualStudioVersion = 16.0.32630.194
MinimumVisualStudioVersion = 10.0.40219.1
Project("{FAE04EC0-301F-11D3-BF4B-00C04F79EFBC}") = "Assg_2", "Assg_2\Assg_2.csproj", "{B0A058CC-C56B-40E3-BBC9-8BBFB817F8F4}"
EndProject
Global
	GlobalSection(SolutionConfigurationPlatforms) = preSolution
		Debug|Any CPU = Debug|Any CPU
		Release|Any CPU = Release|Any CPU
	EndGlobalSection
	GlobalSection(ProjectConfigurationPlatforms) = postSolution
		{B0A058CC-C56B-40E3-BBC9-8BBFB817F8F4}.Debug|Any CPU.ActiveCfg = Debug|Any CPU
		{B0A058CC-C56B-40E3-BBC9-8BBFB817F8F4}.Debug|Any CPU.Build.0 = Debug|Any CPU
		{B0A058CC-C56B-40E3-BBC9-8BBFB817F8F4}.Release|Any CPU.ActiveCfg = Release|Any CPU
		{B0A058CC-C56B-40E3-BBC9-8BBFB817F8F4}.Release|Any CPU.Build.0 = Release|Any CPU
	EndGlobalSection
	GlobalSection(SolutionProperties) = preSolution
		HideSolutionNode = FALSE
	EndGlobalSection
	GlobalSection(ExtensibilityGlobals) = postSolution
		SolutionGuid = {D6B37896-ED32-4FAD-8570-C804433B0B81}
	EndGlobalSection
EndGlobal
